// !$*UTF8*$!
{
	archiveVersion = 1;
	classes = {
	};
	objectVersion = 46;
	objects = {

/* Begin PBXBuildFile section */
		9B9F7A0D1EF3169C00CECEB4 /* high.png in Resources */ = {isa = PBXBuildFile; fileRef = 9B9F7A061EF3169C00CECEB4 /* high.png */; };
		9B9F7A0E1EF3169C00CECEB4 /* new.png in Resources */ = {isa = PBXBuildFile; fileRef = 9B9F7A071EF3169C00CECEB4 /* new.png */; };
		9B9F7A0F1EF3169C00CECEB4 /* play.png in Resources */ = {isa = PBXBuildFile; fileRef = 9B9F7A081EF3169C00CECEB4 /* play.png */; };
		9B9F7A101EF3169C00CECEB4 /* simone.png in Resources */ = {isa = PBXBuildFile; fileRef = 9B9F7A091EF3169C00CECEB4 /* simone.png */; };
		9B9F7A111EF3169C00CECEB4 /* bar.png in Resources */ = {isa = PBXBuildFile; fileRef = 9B9F7A0A1EF3169C00CECEB4 /* bar.png */; };
		9B9F7A121EF3169C00CECEB4 /* b2.png in Resources */ = {isa = PBXBuildFile; fileRef = 9B9F7A0B1EF3169C00CECEB4 /* b2.png */; };
		9B9F7A131EF3169C00CECEB4 /* b8.png in Resources */ = {isa = PBXBuildFile; fileRef = 9B9F7A0C1EF3169C00CECEB4 /* b8.png */; };
		9B9F7A151EF316C100CECEB4 /* Beatles Light Light.ttf in Resources */ = {isa = PBXBuildFile; fileRef = 9B9F7A141EF316C100CECEB4 /* Beatles Light Light.ttf */; };
		9BDF32F81F0AB85E0079C9BE /* icon_120.png in Resources */ = {isa = PBXBuildFile; fileRef = 9BDF32F61F0AB85E0079C9BE /* icon_120.png */; };
		9BDF32F91F0AB85E0079C9BE /* ring.png in Resources */ = {isa = PBXBuildFile; fileRef = 9BDF32F71F0AB85E0079C9BE /* ring.png */; };
		9BDF32FB1F0AC13D0079C9BE /* GameController.swift in Sources */ = {isa = PBXBuildFile; fileRef = 9BDF32FA1F0AC13D0079C9BE /* GameController.swift */; };
		9BDF32FD1F0AC1A50079C9BE /* WrongController.swift in Sources */ = {isa = PBXBuildFile; fileRef = 9BDF32FC1F0AC1A50079C9BE /* WrongController.swift */; };
		9BDF32FF1F0AC28F0079C9BE /* SimoneBrain.swift in Sources */ = {isa = PBXBuildFile; fileRef = 9BDF32FE1F0AC28F0079C9BE /* SimoneBrain.swift */; };
		9BDF33011F0AC3140079C9BE /* SingletonShared.swift in Sources */ = {isa = PBXBuildFile; fileRef = 9BDF33001F0AC3140079C9BE /* SingletonShared.swift */; };
		9BDF33031F0AD1CF0079C9BE /* reset.png in Resources */ = {isa = PBXBuildFile; fileRef = 9BDF33021F0AD1CF0079C9BE /* reset.png */; };
		9BEF1F711EEF08430032793E /* AppDelegate.swift in Sources */ = {isa = PBXBuildFile; fileRef = 9BEF1F701EEF08430032793E /* AppDelegate.swift */; };
		9BEF1F731EEF08430032793E /* StartController.swift in Sources */ = {isa = PBXBuildFile; fileRef = 9BEF1F721EEF08430032793E /* StartController.swift */; };
		9BEF1F761EEF08430032793E /* Main.storyboard in Resources */ = {isa = PBXBuildFile; fileRef = 9BEF1F741EEF08430032793E /* Main.storyboard */; };
		9BEF1F781EEF08430032793E /* Assets.xcassets in Resources */ = {isa = PBXBuildFile; fileRef = 9BEF1F771EEF08430032793E /* Assets.xcassets */; };
		9BEF1F7B1EEF08430032793E /* LaunchScreen.storyboard in Resources */ = {isa = PBXBuildFile; fileRef = 9BEF1F791EEF08430032793E /* LaunchScreen.storyboard */; };
/* End PBXBuildFile section */

/* Begin PBXFileReference section */
		9B9F7A061EF3169C00CECEB4 /* high.png */ = {isa = PBXFileReference; lastKnownFileType = image.png; path = high.png; sourceTree = "<group>"; };
		9B9F7A071EF3169C00CECEB4 /* new.png */ = {isa = PBXFileReference; lastKnownFileType = image.png; path = new.png; sourceTree = "<group>"; };
		9B9F7A081EF3169C00CECEB4 /* play.png */ = {isa = PBXFileReference; lastKnownFileType = image.png; path = play.png; sourceTree = "<group>"; };
		9B9F7A091EF3169C00CECEB4 /* simone.png */ = {isa = PBXFileReference; lastKnownFileType = image.png; path = simone.png; sourceTree = "<group>"; };
		9B9F7A0A1EF3169C00CECEB4 /* bar.png */ = {isa = PBXFileReference; lastKnownFileType = image.png; path = bar.png; sourceTree = "<group>"; };
		9B9F7A0B1EF3169C00CECEB4 /* b2.png */ = {isa = PBXFileReference; lastKnownFileType = image.png; path = b2.png; sourceTree = "<group>"; };
		9B9F7A0C1EF3169C00CECEB4 /* b8.png */ = {isa = PBXFileReference; lastKnownFileType = image.png; path = b8.png; sourceTree = "<group>"; };
		9B9F7A141EF316C100CECEB4 /* Beatles Light Light.ttf */ = {isa = PBXFileReference; lastKnownFileType = file; path = "Beatles Light Light.ttf"; sourceTree = "<group>"; };
		9BDF32F61F0AB85E0079C9BE /* icon_120.png */ = {isa = PBXFileReference; lastKnownFileType = image.png; path = icon_120.png; sourceTree = "<group>"; };
		9BDF32F71F0AB85E0079C9BE /* ring.png */ = {isa = PBXFileReference; lastKnownFileType = image.png; path = ring.png; sourceTree = "<group>"; };
		9BDF32FA1F0AC13D0079C9BE /* GameController.swift */ = {isa = PBXFileReference; fileEncoding = 4; lastKnownFileType = sourcecode.swift; path = GameController.swift; sourceTree = "<group>"; };
		9BDF32FC1F0AC1A50079C9BE /* WrongController.swift */ = {isa = PBXFileReference; fileEncoding = 4; lastKnownFileType = sourcecode.swift; path = WrongController.swift; sourceTree = "<group>"; };
		9BDF32FE1F0AC28F0079C9BE /* SimoneBrain.swift */ = {isa = PBXFileReference; fileEncoding = 4; lastKnownFileType = sourcecode.swift; path = SimoneBrain.swift; sourceTree = "<group>"; };
		9BDF33001F0AC3140079C9BE /* SingletonShared.swift */ = {isa = PBXFileReference; fileEncoding = 4; lastKnownFileType = sourcecode.swift; path = SingletonShared.swift; sourceTree = "<group>"; };
		9BDF33021F0AD1CF0079C9BE /* reset.png */ = {isa = PBXFileReference; lastKnownFileType = image.png; path = reset.png; sourceTree = "<group>"; };
		9BEF1F6D1EEF08430032793E /* Simone.app */ = {isa = PBXFileReference; explicitFileType = wrapper.application; includeInIndex = 0; path = Simone.app; sourceTree = BUILT_PRODUCTS_DIR; };
		9BEF1F701EEF08430032793E /* AppDelegate.swift */ = {isa = PBXFileReference; lastKnownFileType = sourcecode.swift; path = AppDelegate.swift; sourceTree = "<group>"; };
		9BEF1F721EEF08430032793E /* StartController.swift */ = {isa = PBXFileReference; lastKnownFileType = sourcecode.swift; path = StartController.swift; sourceTree = "<group>"; };
		9BEF1F751EEF08430032793E /* Base */ = {isa = PBXFileReference; lastKnownFileType = file.storyboard; name = Base; path = Base.lproj/Main.storyboard; sourceTree = "<group>"; };
		9BEF1F771EEF08430032793E /* Assets.xcassets */ = {isa = PBXFileReference; lastKnownFileType = folder.assetcatalog; path = Assets.xcassets; sourceTree = "<group>"; };
		9BEF1F7A1EEF08430032793E /* Base */ = {isa = PBXFileReference; lastKnownFileType = file.storyboard; name = Base; path = Base.lproj/LaunchScreen.storyboard; sourceTree = "<group>"; };
		9BEF1F7C1EEF08430032793E /* Info.plist */ = {isa = PBXFileReference; lastKnownFileType = text.plist.xml; path = Info.plist; sourceTree = "<group>"; };
/* End PBXFileReference section */

/* Begin PBXFrameworksBuildPhase section */
		9BEF1F6A1EEF08430032793E /* Frameworks */ = {
			isa = PBXFrameworksBuildPhase;
			buildActionMask = 2147483647;
			files = (
			);
			runOnlyForDeploymentPostprocessing = 0;
		};
/* End PBXFrameworksBuildPhase section */

/* Begin PBXGroup section */
		9BDF33041F0AE2DD0079C9BE /* Images */ = {
			isa = PBXGroup;
			children = (
				9BDF32F61F0AB85E0079C9BE /* icon_120.png */,
				9BDF32F71F0AB85E0079C9BE /* ring.png */,
				9B9F7A061EF3169C00CECEB4 /* high.png */,
				9B9F7A071EF3169C00CECEB4 /* new.png */,
				9B9F7A081EF3169C00CECEB4 /* play.png */,
				9BDF33021F0AD1CF0079C9BE /* reset.png */,
				9B9F7A091EF3169C00CECEB4 /* simone.png */,
				9B9F7A141EF316C100CECEB4 /* Beatles Light Light.ttf */,
				9B9F7A0A1EF3169C00CECEB4 /* bar.png */,
				9B9F7A0B1EF3169C00CECEB4 /* b2.png */,
				9B9F7A0C1EF3169C00CECEB4 /* b8.png */,
			);
			name = Images;
			sourceTree = "<group>";
		};
		9BEF1F641EEF08430032793E = {
			isa = PBXGroup;
			children = (
				9BEF1F6F1EEF08430032793E /* Simone */,
				9BEF1F6E1EEF08430032793E /* Products */,
			);
			sourceTree = "<group>";
		};
		9BEF1F6E1EEF08430032793E /* Products */ = {
			isa = PBXGroup;
			children = (
				9BEF1F6D1EEF08430032793E /* Simone.app */,
			);
			name = Products;
			sourceTree = "<group>";
		};
		9BEF1F6F1EEF08430032793E /* Simone */ = {
			isa = PBXGroup;
			children = (
				9BDF33041F0AE2DD0079C9BE /* Images */,
				9BEF1F821EEF087A0032793E /* Assets */,
				9BEF1F721EEF08430032793E /* StartController.swift */,
				9BDF33001F0AC3140079C9BE /* SingletonShared.swift */,
				9BEF1F741EEF08430032793E /* Main.storyboard */,
				9BDF32FC1F0AC1A50079C9BE /* WrongController.swift */,
				9BDF32FE1F0AC28F0079C9BE /* SimoneBrain.swift */,
				9BDF32FA1F0AC13D0079C9BE /* GameController.swift */,
			);
			path = Simone;
			sourceTree = "<group>";
		};
		9BEF1F821EEF087A0032793E /* Assets */ = {
			isa = PBXGroup;
			children = (
				9BEF1F701EEF08430032793E /* AppDelegate.swift */,
				9BEF1F771EEF08430032793E /* Assets.xcassets */,
				9BEF1F791EEF08430032793E /* LaunchScreen.storyboard */,
				9BEF1F7C1EEF08430032793E /* Info.plist */,
			);
			name = Assets;
			sourceTree = "<group>";
		};
/* End PBXGroup section */

/* Begin PBXNativeTarget section */
		9BEF1F6C1EEF08430032793E /* Simone */ = {
			isa = PBXNativeTarget;
			buildConfigurationList = 9BEF1F7F1EEF08430032793E /* Build configuration list for PBXNativeTarget "Simone" */;
			buildPhases = (
				9BEF1F691EEF08430032793E /* Sources */,
				9BEF1F6A1EEF08430032793E /* Frameworks */,
				9BEF1F6B1EEF08430032793E /* Resources */,
			);
			buildRules = (
			);
			dependencies = (
			);
			name = Simone;
			productName = Simone;
			productReference = 9BEF1F6D1EEF08430032793E /* Simone.app */;
			productType = "com.apple.product-type.application";
		};
/* End PBXNativeTarget section */

/* Begin PBXProject section */
		9BEF1F651EEF08430032793E /* Project object */ = {
			isa = PBXProject;
			attributes = {
				LastSwiftUpdateCheck = 0820;
				LastUpgradeCheck = 0820;
				ORGANIZATIONNAME = GrassetSucre;
				TargetAttributes = {
					9BEF1F6C1EEF08430032793E = {
						CreatedOnToolsVersion = 8.2;
						ProvisioningStyle = Automatic;
					};
				};
			};
			buildConfigurationList = 9BEF1F681EEF08430032793E /* Build configuration list for PBXProject "Simone" */;
			compatibilityVersion = "Xcode 3.2";
			developmentRegion = English;
			hasScannedForEncodings = 0;
			knownRegions = (
				en,
				Base,
			);
			mainGroup = 9BEF1F641EEF08430032793E;
			productRefGroup = 9BEF1F6E1EEF08430032793E /* Products */;
			projectDirPath = "";
			projectRoot = "";
			targets = (
				9BEF1F6C1EEF08430032793E /* Simone */,
			);
		};
/* End PBXProject section */

/* Begin PBXResourcesBuildPhase section */
		9BEF1F6B1EEF08430032793E /* Resources */ = {
			isa = PBXResourcesBuildPhase;
			buildActionMask = 2147483647;
			files = (
				9B9F7A0E1EF3169C00CECEB4 /* new.png in Resources */,
				9B9F7A151EF316C100CECEB4 /* Beatles Light Light.ttf in Resources */,
				9BEF1F7B1EEF08430032793E /* LaunchScreen.storyboard in Resources */,
				9BEF1F781EEF08430032793E /* Assets.xcassets in Resources */,
				9B9F7A0F1EF3169C00CECEB4 /* play.png in Resources */,
				9B9F7A101EF3169C00CECEB4 /* simone.png in Resources */,
				9BEF1F761EEF08430032793E /* Main.storyboard in Resources */,
				9BDF33031F0AD1CF0079C9BE /* reset.png in Resources */,
				9B9F7A131EF3169C00CECEB4 /* b8.png in Resources */,
				9B9F7A0D1EF3169C00CECEB4 /* high.png in Resources */,
				9B9F7A121EF3169C00CECEB4 /* b2.png in Resources */,
				9BDF32F91F0AB85E0079C9BE /* ring.png in Resources */,
				9BDF32F81F0AB85E0079C9BE /* icon_120.png in Resources */,
				9B9F7A111EF3169C00CECEB4 /* bar.png in Resources */,
			);
			runOnlyForDeploymentPostprocessing = 0;
		};
/* End PBXResourcesBuildPhase section */

/* Begin PBXSourcesBuildPhase section */
		9BEF1F691EEF08430032793E /* Sources */ = {
			isa = PBXSourcesBuildPhase;
			buildActionMask = 2147483647;
			files = (
				9BDF33011F0AC3140079C9BE /* SingletonShared.swift in Sources */,
				9BDF32FF1F0AC28F0079C9BE /* SimoneBrain.swift in Sources */,
				9BEF1F731EEF08430032793E /* StartController.swift in Sources */,
				9BDF32FD1F0AC1A50079C9BE /* WrongController.swift in Sources */,
				9BDF32FB1F0AC13D0079C9BE /* GameController.swift in Sources */,
				9BEF1F711EEF08430032793E /* AppDelegate.swift in Sources */,
			);
			runOnlyForDeploymentPostprocessing = 0;
		};
/* End PBXSourcesBuildPhase section */

/* Begin PBXVariantGroup section */
		9BEF1F741EEF08430032793E /* Main.storyboard */ = {
			isa = PBXVariantGroup;
			children = (
				9BEF1F751EEF08430032793E /* Base */,
			);
			name = Main.storyboard;
			sourceTree = "<group>";
		};
		9BEF1F791EEF08430032793E /* LaunchScreen.storyboard */ = {
			isa = PBXVariantGroup;
			children = (
				9BEF1F7A1EEF08430032793E /* Base */,
			);
			name = LaunchScreen.storyboard;
			sourceTree = "<group>";
		};
/* End PBXVariantGroup section */

/* Begin XCBuildConfiguration section */
		9BEF1F7D1EEF08430032793E /* Debug */ = {
			isa = XCBuildConfiguration;
			buildSettings = {
				ALWAYS_SEARCH_USER_PATHS = NO;
				CLANG_ANALYZER_NONNULL = YES;
				CLANG_CXX_LANGUAGE_STANDARD = "gnu++0x";
				CLANG_CXX_LIBRARY = "libc++";
				CLANG_ENABLE_MODULES = YES;
				CLANG_ENABLE_OBJC_ARC = YES;
				CLANG_WARN_BOOL_CONVERSION = YES;
				CLANG_WARN_CONSTANT_CONVERSION = YES;
				CLANG_WARN_DIRECT_OBJC_ISA_USAGE = YES_ERROR;
				CLANG_WARN_DOCUMENTATION_COMMENTS = YES;
				CLANG_WARN_EMPTY_BODY = YES;
				CLANG_WARN_ENUM_CONVERSION = YES;
				CLANG_WARN_INFINITE_RECURSION = YES;
				CLANG_WARN_INT_CONVERSION = YES;
				CLANG_WARN_OBJC_ROOT_CLASS = YES_ERROR;
				CLANG_WARN_SUSPICIOUS_MOVE = YES;
				CLANG_WARN_UNREACHABLE_CODE = YES;
				CLANG_WARN__DUPLICATE_METHOD_MATCH = YES;
				"CODE_SIGN_IDENTITY[sdk=iphoneos*]" = "iPhone Developer";
				COPY_PHASE_STRIP = NO;
				DEBUG_INFORMATION_FORMAT = dwarf;
				ENABLE_STRICT_OBJC_MSGSEND = YES;
				ENABLE_TESTABILITY = YES;
				GCC_C_LANGUAGE_STANDARD = gnu99;
				GCC_DYNAMIC_NO_PIC = NO;
				GCC_NO_COMMON_BLOCKS = YES;
				GCC_OPTIMIZATION_LEVEL = 0;
				GCC_PREPROCESSOR_DEFINITIONS = (
					"DEBUG=1",
					"$(inherited)",
				);
				GCC_WARN_64_TO_32_BIT_CONVERSION = YES;
				GCC_WARN_ABOUT_RETURN_TYPE = YES_ERROR;
				GCC_WARN_UNDECLARED_SELECTOR = YES;
				GCC_WARN_UNINITIALIZED_AUTOS = YES_AGGRESSIVE;
				GCC_WARN_UNUSED_FUNCTION = YES;
				GCC_WARN_UNUSED_VARIABLE = YES;
				IPHONEOS_DEPLOYMENT_TARGET = 10.2;
				MTL_ENABLE_DEBUG_INFO = YES;
				ONLY_ACTIVE_ARCH = YES;
				SDKROOT = iphoneos;
				SWIFT_ACTIVE_COMPILATION_CONDITIONS = DEBUG;
				SWIFT_OPTIMIZATION_LEVEL = "-Onone";
				TARGETED_DEVICE_FAMILY = "1,2";
			};
			name = Debug;
		};
		9BEF1F7E1EEF08430032793E /* Release */ = {
			isa = XCBuildConfiguration;
			buildSettings = {
				ALWAYS_SEARCH_USER_PATHS = NO;
				CLANG_ANALYZER_NONNULL = YES;
				CLANG_CXX_LANGUAGE_STANDARD = "gnu++0x";
				CLANG_CXX_LIBRARY = "libc++";
				CLANG_ENABLE_MODULES = YES;
				CLANG_ENABLE_OBJC_ARC = YES;
				CLANG_WARN_BOOL_CONVERSION = YES;
				CLANG_WARN_CONSTANT_CONVERSION = YES;
				CLANG_WARN_DIRECT_OBJC_ISA_USAGE = YES_ERROR;
				CLANG_WARN_DOCUMENTATION_COMMENTS = YES;
				CLANG_WARN_EMPTY_BODY = YES;
				CLANG_WARN_ENUM_CONVERSION = YES;
				CLANG_WARN_INFINITE_RECURSION = YES;
				CLANG_WARN_INT_CONVERSION = YES;
				CLANG_WARN_OBJC_ROOT_CLASS = YES_ERROR;
				CLANG_WARN_SUSPICIOUS_MOVE = YES;
				CLANG_WARN_UNREACHABLE_CODE = YES;
				CLANG_WARN__DUPLICATE_METHOD_MATCH = YES;
				"CODE_SIGN_IDENTITY[sdk=iphoneos*]" = "iPhone Developer";
				COPY_PHASE_STRIP = NO;
				DEBUG_INFORMATION_FORMAT = "dwarf-with-dsym";
				ENABLE_NS_ASSERTIONS = NO;
				ENABLE_STRICT_OBJC_MSGSEND = YES;
				GCC_C_LANGUAGE_STANDARD = gnu99;
				GCC_NO_COMMON_BLOCKS = YES;
				GCC_WARN_64_TO_32_BIT_CONVERSION = YES;
				GCC_WARN_ABOUT_RETURN_TYPE = YES_ERROR;
				GCC_WARN_UNDECLARED_SELECTOR = YES;
				GCC_WARN_UNINITIALIZED_AUTOS = YES_AGGRESSIVE;
				GCC_WARN_UNUSED_FUNCTION = YES;
				GCC_WARN_UNUSED_VARIABLE = YES;
				IPHONEOS_DEPLOYMENT_TARGET = 10.2;
				MTL_ENABLE_DEBUG_INFO = NO;
				SDKROOT = iphoneos;
				SWIFT_OPTIMIZATION_LEVEL = "-Owholemodule";
				TARGETED_DEVICE_FAMILY = "1,2";
				VALIDATE_PRODUCT = YES;
			};
			name = Release;
		};
		9BEF1F801EEF08430032793E /* Debug */ = {
			isa = XCBuildConfiguration;
			buildSettings = {
				ASSETCATALOG_COMPILER_APPICON_NAME = AppIcon;
				INFOPLIST_FILE = Simone/Info.plist;
				LD_RUNPATH_SEARCH_PATHS = "$(inherited) @executable_path/Frameworks";
				PRODUCT_BUNDLE_IDENTIFIER = com.adrianareis.Simone;
				PRODUCT_NAME = "$(TARGET_NAME)";
				SWIFT_VERSION = 3.0;
			};
			name = Debug;
		};
		9BEF1F811EEF08430032793E /* Release */ = {
			isa = XCBuildConfiguration;
			buildSettings = {
				ASSETCATALOG_COMPILER_APPICON_NAME = AppIcon;
				INFOPLIST_FILE = Simone/Info.plist;
				LD_RUNPATH_SEARCH_PATHS = "$(inherited) @executable_path/Frameworks";
				PRODUCT_BUNDLE_IDENTIFIER = com.adrianareis.Simone;
				PRODUCT_NAME = "$(TARGET_NAME)";
				SWIFT_VERSION = 3.0;
			};
			name = Release;
		};
/* End XCBuildConfiguration section */

/* Begin XCConfigurationList section */
		9BEF1F681EEF08430032793E /* Build configuration list for PBXProject "Simone" */ = {
			isa = XCConfigurationList;
			buildConfigurations = (
				9BEF1F7D1EEF08430032793E /* Debug */,
				9BEF1F7E1EEF08430032793E /* Release */,
			);
			defaultConfigurationIsVisible = 0;
			defaultConfigurationName = Release;
		};
		9BEF1F7F1EEF08430032793E /* Build configuration list for PBXNativeTarget "Simone" */ = {
			isa = XCConfigurationList;
			buildConfigurations = (
				9BEF1F801EEF08430032793E /* Debug */,
				9BEF1F811EEF08430032793E /* Release */,
			);
			defaultConfigurationIsVisible = 0;
			defaultConfigurationName = Release;
		};
/* End XCConfigurationList section */
	};
	rootObject = 9BEF1F651EEF08430032793E /* Project object */;
}
